<?xml version="1.0" encoding="utf-8"?>
<Project ToolsVersion="17.0" xmlns="http://schemas.microsoft.com/developer/msbuild/2003">
  <ItemGroup>
    <ClCompile Include="C:\dev\Blade_Dev\BladeEngine\src\Core\EntryPoint.cpp">
      <Filter>Source Files</Filter>
    </ClCompile>
    <ClCompile Include="C:\dev\Blade_Dev\BladeEngine\src\Core\Game.cpp">
      <Filter>Source Files</Filter>
    </ClCompile>
    <ClCompile Include="C:\dev\Blade_Dev\BladeEngine\src\Core\Window.cpp">
      <Filter>Source Files</Filter>
    </ClCompile>
    <ClCompile Include="C:\dev\Blade_Dev\BladeEngine\src\Core\Log.cpp">
      <Filter>Source Files</Filter>
    </ClCompile>
    <ClCompile Include="C:\dev\Blade_Dev\BladeEngine\src\Core\Time.cpp">
      <Filter>Source Files</Filter>
    </ClCompile>
    <ClCompile Include="C:\dev\Blade_Dev\BladeEngine\src\Core\Input.cpp">
      <Filter>Source Files</Filter>
    </ClCompile>
    <ClCompile Include="C:\dev\Blade_Dev\BladeEngine\src\Utils\Random.cpp">
      <Filter>Source Files</Filter>
    </ClCompile>
    <ClCompile Include="C:\dev\Blade_Dev\BladeEngine\src\Core\Camera.cpp">
      <Filter>Source Files</Filter>
    </ClCompile>
    <ClCompile Include="C:\dev\Blade_Dev\BladeEngine\src\Core\Utils.cpp">
      <Filter>Source Files</Filter>
    </ClCompile>
    <ClCompile Include="C:\dev\Blade_Dev\BladeEngine\src\Graphics\Color.cpp">
      <Filter>Source Files</Filter>
    </ClCompile>
    <ClCompile Include="C:\dev\Blade_Dev\BladeEngine\src\Graphics\GraphicsManager.cpp">
      <Filter>Source Files</Filter>
    </ClCompile>
    <ClCompile Include="C:\dev\Blade_Dev\BladeEngine\src\Graphics\Mesh.cpp">
      <Filter>Source Files</Filter>
    </ClCompile>
    <ClCompile Include="C:\dev\Blade_Dev\BladeEngine\src\Graphics\Shader.cpp">
      <Filter>Source Files</Filter>
    </ClCompile>
    <ClCompile Include="C:\dev\Blade_Dev\BladeEngine\src\Graphics\Texture2D.cpp">
      <Filter>Source Files</Filter>
    </ClCompile>
    <ClCompile Include="C:\dev\Blade_Dev\BladeEngine\src\Graphics\Vertex.cpp">
      <Filter>Source Files</Filter>
    </ClCompile>
    <ClCompile Include="C:\dev\Blade_Dev\BladeEngine\src\ECS\World.cpp">
      <Filter>Source Files</Filter>
    </ClCompile>
    <ClCompile Include="C:\dev\Blade_Dev\BladeEngine\src\ECS\Entity.cpp">
      <Filter>Source Files</Filter>
    </ClCompile>
    <ClCompile Include="C:\dev\Blade_Dev\BladeEngine\vendor\flecs\flecs.c">
      <Filter>Source Files</Filter>
    </ClCompile>
    <ClCompile Include="C:\dev\Blade_Dev\BladeEngine\src\Physics\Physics2D.cpp">
      <Filter>Source Files</Filter>
    </ClCompile>
    <ClCompile Include="C:\dev\Blade_Dev\BladeEngine\src\Graphics\Platform\Vulkan\BladeVulkanUtils.cpp">
      <Filter>Source Files</Filter>
    </ClCompile>
    <ClCompile Include="C:\dev\Blade_Dev\BladeEngine\src\Graphics\Platform\Vulkan\BladeVulkanInstance.cpp">
      <Filter>Source Files</Filter>
    </ClCompile>
    <ClCompile Include="C:\dev\Blade_Dev\BladeEngine\src\Graphics\Platform\Vulkan\BladeVulkanQueueFamily.cpp">
      <Filter>Source Files</Filter>
    </ClCompile>
    <ClCompile Include="C:\dev\Blade_Dev\BladeEngine\src\Graphics\Platform\Vulkan\BladeVulkanDevice.cpp">
      <Filter>Source Files</Filter>
    </ClCompile>
    <ClCompile Include="C:\dev\Blade_Dev\BladeEngine\src\Graphics\Platform\Vulkan\BladeVulkanSwapchain.cpp">
      <Filter>Source Files</Filter>
    </ClCompile>
    <ClCompile Include="C:\dev\Blade_Dev\BladeEngine\src\Graphics\Platform\Vulkan\BladeVulkanShader.cpp">
      <Filter>Source Files</Filter>
    </ClCompile>
    <ClCompile Include="C:\dev\Blade_Dev\BladeEngine\src\Graphics\Platform\Vulkan\BladeVulkanGraphicsPipeline.cpp">
      <Filter>Source Files</Filter>
    </ClCompile>
    <ClCompile Include="C:\dev\Blade_Dev\BladeEngine\src\Graphics\Platform\Vulkan\BladeVulkanMesh.cpp">
      <Filter>Source Files</Filter>
    </ClCompile>
    <ClCompile Include="C:\dev\Blade_Dev\BladeEngine\src\Graphics\Platform\Vulkan\BladeVulkanTexture.cpp">
      <Filter>Source Files</Filter>
    </ClCompile>
    <ClCompile Include="C:\dev\Blade_Dev\BladeEngine\src\Graphics\Platform\Vulkan\BladeVulkanRenderer.cpp">
      <Filter>Source Files</Filter>
    </ClCompile>
  </ItemGroup>
  <ItemGroup>
    <ClInclude Include="C:\dev\Blade_Dev\BladeEngine\src\BladeEngine.hpp">
      <Filter>Header Files</Filter>
    </ClInclude>
    <ClInclude Include="C:\dev\Blade_Dev\BladeEngine\src\Core\Base.hpp">
      <Filter>Header Files</Filter>
    </ClInclude>
    <ClInclude Include="C:\dev\Blade_Dev\BladeEngine\src\Core\Platform.hpp">
      <Filter>Header Files</Filter>
    </ClInclude>
    <ClInclude Include="C:\dev\Blade_Dev\BladeEngine\src\Core\Game.hpp">
      <Filter>Header Files</Filter>
    </ClInclude>
    <ClInclude Include="C:\dev\Blade_Dev\BladeEngine\src\Core\Window.hpp">
      <Filter>Header Files</Filter>
    </ClInclude>
    <ClInclude Include="C:\dev\Blade_Dev\BladeEngine\src\Core\Log.hpp">
      <Filter>Header Files</Filter>
    </ClInclude>
    <ClInclude Include="C:\dev\Blade_Dev\BladeEngine\src\Core\Time.hpp">
      <Filter>Header Files</Filter>
    </ClInclude>
    <ClInclude Include="C:\dev\Blade_Dev\BladeEngine\src\Core\Input.hpp">
      <Filter>Header Files</Filter>
    </ClInclude>
    <ClInclude Include="C:\dev\Blade_Dev\BladeEngine\src\Core\KeyCodes.hpp">
      <Filter>Header Files</Filter>
    </ClInclude>
    <ClInclude Include="C:\dev\Blade_Dev\BladeEngine\src\Core\Math.hpp">
      <Filter>Header Files</Filter>
    </ClInclude>
    <ClInclude Include="C:\dev\Blade_Dev\BladeEngine\src\Core\Vec.hpp">
      <Filter>Header Files</Filter>
    </ClInclude>
    <ClInclude Include="C:\dev\Blade_Dev\BladeEngine\src\Core\Buffer.hpp">
      <Filter>Header Files</Filter>
    </ClInclude>
    <ClInclude Include="C:\dev\Blade_Dev\BladeEngine\src\Utils\Random.hpp">
      <Filter>Header Files</Filter>
    </ClInclude>
    <ClInclude Include="C:\dev\Blade_Dev\BladeEngine\src\Core\Camera.hpp">
      <Filter>Header Files</Filter>
    </ClInclude>
    <ClInclude Include="C:\dev\Blade_Dev\BladeEngine\src\Core\Utils.hpp">
      <Filter>Header Files</Filter>
    </ClInclude>
    <ClInclude Include="C:\dev\Blade_Dev\BladeEngine\src\Graphics\Color.hpp">
      <Filter>Header Files</Filter>
    </ClInclude>
    <ClInclude Include="C:\dev\Blade_Dev\BladeEngine\src\Graphics\GraphicsManager.hpp">
      <Filter>Header Files</Filter>
    </ClInclude>
    <ClInclude Include="C:\dev\Blade_Dev\BladeEngine\src\Graphics\Mesh.hpp">
      <Filter>Header Files</Filter>
    </ClInclude>
    <ClInclude Include="C:\dev\Blade_Dev\BladeEngine\src\Graphics\Shader.hpp">
      <Filter>Header Files</Filter>
    </ClInclude>
    <ClInclude Include="C:\dev\Blade_Dev\BladeEngine\src\Graphics\Texture2D.hpp">
      <Filter>Header Files</Filter>
    </ClInclude>
    <ClInclude Include="C:\dev\Blade_Dev\BladeEngine\src\Graphics\Vertex.hpp">
      <Filter>Header Files</Filter>
    </ClInclude>
    <ClInclude Include="C:\dev\Blade_Dev\BladeEngine\src\ECS\World.hpp">
      <Filter>Header Files</Filter>
    </ClInclude>
    <ClInclude Include="C:\dev\Blade_Dev\BladeEngine\src\ECS\Entity.hpp">
      <Filter>Header Files</Filter>
    </ClInclude>
    <ClInclude Include="C:\dev\Blade_Dev\BladeEngine\src\Components\Components.hpp">
      <Filter>Header Files</Filter>
    </ClInclude>
    <ClInclude Include="C:\dev\Blade_Dev\BladeEngine\vendor\flecs\flecs.h">
      <Filter>Header Files</Filter>
    </ClInclude>
    <ClInclude Include="C:\dev\Blade_Dev\BladeEngine\src\Physics\Physics2D.hpp">
      <Filter>Header Files</Filter>
    </ClInclude>
    <ClInclude Include="C:\dev\Blade_Dev\BladeEngine\src\Graphics\Platform\Vulkan\BladeVulkanUtils.hpp">
      <Filter>Header Files</Filter>
    </ClInclude>
    <ClInclude Include="C:\dev\Blade_Dev\BladeEngine\src\Graphics\Platform\Vulkan\BladeVulkanInstance.hpp">
      <Filter>Header Files</Filter>
    </ClInclude>
    <ClInclude Include="C:\dev\Blade_Dev\BladeEngine\src\Graphics\Platform\Vulkan\BladeVulkanQueueFamily.hpp">
      <Filter>Header Files</Filter>
    </ClInclude>
    <ClInclude Include="C:\dev\Blade_Dev\BladeEngine\src\Graphics\Platform\Vulkan\BladeVulkanDevice.hpp">
      <Filter>Header Files</Filter>
    </ClInclude>
    <ClInclude Include="C:\dev\Blade_Dev\BladeEngine\src\Graphics\Platform\Vulkan\BladeVulkanSwapchain.hpp">
      <Filter>Header Files</Filter>
    </ClInclude>
    <ClInclude Include="C:\dev\Blade_Dev\BladeEngine\src\Graphics\Platform\Vulkan\BladeVulkanShader.hpp">
      <Filter>Header Files</Filter>
    </ClInclude>
    <ClInclude Include="C:\dev\Blade_Dev\BladeEngine\src\Graphics\Platform\Vulkan\BladeVulkanGraphicsPipeline.hpp">
      <Filter>Header Files</Filter>
    </ClInclude>
    <ClInclude Include="C:\dev\Blade_Dev\BladeEngine\src\Graphics\Platform\Vulkan\BladeVulkanMesh.hpp">
      <Filter>Header Files</Filter>
    </ClInclude>
    <ClInclude Include="C:\dev\Blade_Dev\BladeEngine\src\Graphics\Platform\Vulkan\BladeVulkanTexture.hpp">
      <Filter>Header Files</Filter>
    </ClInclude>
    <ClInclude Include="C:\dev\Blade_Dev\BladeEngine\src\Graphics\Platform\Vulkan\BladeVulkanRenderer.hpp">
      <Filter>Header Files</Filter>
    </ClInclude>
    <ClInclude Include="C:\dev\Blade_Dev\BladeEngine\src\Graphics\Platform\Vulkan\VulkanBuffer.hpp">
      <Filter>Header Files</Filter>
    </ClInclude>
    <ClInclude Include="src\Graphics\GPUBuffers.hpp" />
  </ItemGroup>
  <ItemGroup>
    <CustomBuild Include="C:\dev\Blade_Dev\BladeEngine\CMakeLists.txt" />
  </ItemGroup>
  <ItemGroup>
    <Filter Include="Header Files">
      <UniqueIdentifier>{0763805E-E5B2-3806-90B4-0C1AB57BED2C}</UniqueIdentifier>
    </Filter>
    <Filter Include="Source Files">
      <UniqueIdentifier>{1DF6D6EF-9D55-3A9D-824F-1C79A9B7F98C}</UniqueIdentifier>
    </Filter>
  </ItemGroup>
</Project>