
Microsoft Visual Studio Solution File, Format Version 12.00
# Visual Studio Version 17
Project("{2150E333-8FDC-42A3-9474-1A3956D46DE8}") = "CMakePredefinedTargets", "CMakePredefinedTargets", "{48F98740-FCFE-3B50-A20D-BFFE166EB13A}"
EndProject
Project("{2150E333-8FDC-42A3-9474-1A3956D46DE8}") = "GLFW3", "GLFW3", "{45E1211C-B686-3211-A445-4030EEDEB59D}"
EndProject
Project("{8BC9CEB8-8B4A-11D0-8D11-00A0C91BC942}") = "ALL_BUILD", "ALL_BUILD.vcxproj", "{98E60B39-570A-31B2-AB1A-55F20A92C9C7}"
	ProjectSection(ProjectDependencies) = postProject
		{3B6946BD-C61D-3D78-8327-FE13B2F96EFF} = {3B6946BD-C61D-3D78-8327-FE13B2F96EFF}
		{DD474528-9793-3499-BE48-183F8AEBDD48} = {DD474528-9793-3499-BE48-183F8AEBDD48}
		{FD249FB3-F3D8-3070-BE88-B88CE14BDB7F} = {FD249FB3-F3D8-3070-BE88-B88CE14BDB7F}
		{759D3CF5-58CD-3685-9D8D-8235B4B89AB1} = {759D3CF5-58CD-3685-9D8D-8235B4B89AB1}
		{7ADC1170-4FF1-312B-88CC-E8F64EF9F23A} = {7ADC1170-4FF1-312B-88CC-E8F64EF9F23A}
	EndProjectSection
EndProject
Project("{8BC9CEB8-8B4A-11D0-8D11-00A0C91BC942}") = "BladeEngine", "BladeEngine\BladeEngine.vcxproj", "{3B6946BD-C61D-3D78-8327-FE13B2F96EFF}"
	ProjectSection(ProjectDependencies) = postProject
		{FD249FB3-F3D8-3070-BE88-B88CE14BDB7F} = {FD249FB3-F3D8-3070-BE88-B88CE14BDB7F}
		{759D3CF5-58CD-3685-9D8D-8235B4B89AB1} = {759D3CF5-58CD-3685-9D8D-8235B4B89AB1}
		{7ADC1170-4FF1-312B-88CC-E8F64EF9F23A} = {7ADC1170-4FF1-312B-88CC-E8F64EF9F23A}
	EndProjectSection
EndProject
Project("{8BC9CEB8-8B4A-11D0-8D11-00A0C91BC942}") = "INSTALL", "INSTALL.vcxproj", "{DCCFB574-A12B-39E4-AC07-4DE617F39B3C}"
	ProjectSection(ProjectDependencies) = postProject
		{98E60B39-570A-31B2-AB1A-55F20A92C9C7} = {98E60B39-570A-31B2-AB1A-55F20A92C9C7}
		{FD249FB3-F3D8-3070-BE88-B88CE14BDB7F} = {FD249FB3-F3D8-3070-BE88-B88CE14BDB7F}
	EndProjectSection
EndProject
Project("{8BC9CEB8-8B4A-11D0-8D11-00A0C91BC942}") = "Sandbox", "Sandbox\Sandbox.vcxproj", "{DD474528-9793-3499-BE48-183F8AEBDD48}"
	ProjectSection(ProjectDependencies) = postProject
		{3B6946BD-C61D-3D78-8327-FE13B2F96EFF} = {3B6946BD-C61D-3D78-8327-FE13B2F96EFF}
		{FD249FB3-F3D8-3070-BE88-B88CE14BDB7F} = {FD249FB3-F3D8-3070-BE88-B88CE14BDB7F}
		{759D3CF5-58CD-3685-9D8D-8235B4B89AB1} = {759D3CF5-58CD-3685-9D8D-8235B4B89AB1}
		{7ADC1170-4FF1-312B-88CC-E8F64EF9F23A} = {7ADC1170-4FF1-312B-88CC-E8F64EF9F23A}
	EndProjectSection
EndProject
Project("{8BC9CEB8-8B4A-11D0-8D11-00A0C91BC942}") = "ZERO_CHECK", "ZERO_CHECK.vcxproj", "{FD249FB3-F3D8-3070-BE88-B88CE14BDB7F}"
	ProjectSection(ProjectDependencies) = postProject
	EndProjectSection
EndProject
Project("{8BC9CEB8-8B4A-11D0-8D11-00A0C91BC942}") = "box2d", "BladeEngine\vendor\Box2D\src\box2d.vcxproj", "{759D3CF5-58CD-3685-9D8D-8235B4B89AB1}"
	ProjectSection(ProjectDependencies) = postProject
		{FD249FB3-F3D8-3070-BE88-B88CE14BDB7F} = {FD249FB3-F3D8-3070-BE88-B88CE14BDB7F}
	EndProjectSection
EndProject
Project("{8BC9CEB8-8B4A-11D0-8D11-00A0C91BC942}") = "glfw", "BladeEngine\vendor\GLFW\src\glfw.vcxproj", "{7ADC1170-4FF1-312B-88CC-E8F64EF9F23A}"
	ProjectSection(ProjectDependencies) = postProject
		{FD249FB3-F3D8-3070-BE88-B88CE14BDB7F} = {FD249FB3-F3D8-3070-BE88-B88CE14BDB7F}
	EndProjectSection
EndProject
Project("{8BC9CEB8-8B4A-11D0-8D11-00A0C91BC942}") = "uninstall", "BladeEngine\vendor\GLFW\uninstall.vcxproj", "{92C9B439-1A2C-354C-B3AB-9B30C34D59AD}"
	ProjectSection(ProjectDependencies) = postProject
		{FD249FB3-F3D8-3070-BE88-B88CE14BDB7F} = {FD249FB3-F3D8-3070-BE88-B88CE14BDB7F}
	EndProjectSection
EndProject
Project("{8BC9CEB8-8B4A-11D0-8D11-00A0C91BC942}") = "update_mappings", "BladeEngine\vendor\GLFW\src\update_mappings.vcxproj", "{6ABB553F-B868-3BDE-8437-58CD04955A8C}"
	ProjectSection(ProjectDependencies) = postProject
		{FD249FB3-F3D8-3070-BE88-B88CE14BDB7F} = {FD249FB3-F3D8-3070-BE88-B88CE14BDB7F}
	EndProjectSection
EndProject
Global
	GlobalSection(SolutionConfigurationPlatforms) = preSolution
		Debug|x64 = Debug|x64
		Release|x64 = Release|x64
		MinSizeRel|x64 = MinSizeRel|x64
		RelWithDebInfo|x64 = RelWithDebInfo|x64
	EndGlobalSection
	GlobalSection(ProjectConfigurationPlatforms) = postSolution
		{98E60B39-570A-31B2-AB1A-55F20A92C9C7}.Debug|x64.ActiveCfg = Debug|x64
		{98E60B39-570A-31B2-AB1A-55F20A92C9C7}.Debug|x64.Build.0 = Debug|x64
		{98E60B39-570A-31B2-AB1A-55F20A92C9C7}.Release|x64.ActiveCfg = Release|x64
		{98E60B39-570A-31B2-AB1A-55F20A92C9C7}.Release|x64.Build.0 = Release|x64
		{98E60B39-570A-31B2-AB1A-55F20A92C9C7}.MinSizeRel|x64.ActiveCfg = MinSizeRel|x64
		{98E60B39-570A-31B2-AB1A-55F20A92C9C7}.MinSizeRel|x64.Build.0 = MinSizeRel|x64
		{98E60B39-570A-31B2-AB1A-55F20A92C9C7}.RelWithDebInfo|x64.ActiveCfg = RelWithDebInfo|x64
		{98E60B39-570A-31B2-AB1A-55F20A92C9C7}.RelWithDebInfo|x64.Build.0 = RelWithDebInfo|x64
		{3B6946BD-C61D-3D78-8327-FE13B2F96EFF}.Debug|x64.ActiveCfg = Debug|x64
		{3B6946BD-C61D-3D78-8327-FE13B2F96EFF}.Debug|x64.Build.0 = Debug|x64
		{3B6946BD-C61D-3D78-8327-FE13B2F96EFF}.Release|x64.ActiveCfg = Release|x64
		{3B6946BD-C61D-3D78-8327-FE13B2F96EFF}.Release|x64.Build.0 = Release|x64
		{3B6946BD-C61D-3D78-8327-FE13B2F96EFF}.MinSizeRel|x64.ActiveCfg = MinSizeRel|x64
		{3B6946BD-C61D-3D78-8327-FE13B2F96EFF}.MinSizeRel|x64.Build.0 = MinSizeRel|x64
		{3B6946BD-C61D-3D78-8327-FE13B2F96EFF}.RelWithDebInfo|x64.ActiveCfg = RelWithDebInfo|x64
		{3B6946BD-C61D-3D78-8327-FE13B2F96EFF}.RelWithDebInfo|x64.Build.0 = RelWithDebInfo|x64
		{DCCFB574-A12B-39E4-AC07-4DE617F39B3C}.Debug|x64.ActiveCfg = Debug|x64
		{DCCFB574-A12B-39E4-AC07-4DE617F39B3C}.Release|x64.ActiveCfg = Release|x64
		{DCCFB574-A12B-39E4-AC07-4DE617F39B3C}.MinSizeRel|x64.ActiveCfg = MinSizeRel|x64
		{DCCFB574-A12B-39E4-AC07-4DE617F39B3C}.RelWithDebInfo|x64.ActiveCfg = RelWithDebInfo|x64
		{DD474528-9793-3499-BE48-183F8AEBDD48}.Debug|x64.ActiveCfg = Debug|x64
		{DD474528-9793-3499-BE48-183F8AEBDD48}.Debug|x64.Build.0 = Debug|x64
		{DD474528-9793-3499-BE48-183F8AEBDD48}.Release|x64.ActiveCfg = Release|x64
		{DD474528-9793-3499-BE48-183F8AEBDD48}.Release|x64.Build.0 = Release|x64
		{DD474528-9793-3499-BE48-183F8AEBDD48}.MinSizeRel|x64.ActiveCfg = MinSizeRel|x64
		{DD474528-9793-3499-BE48-183F8AEBDD48}.MinSizeRel|x64.Build.0 = MinSizeRel|x64
		{DD474528-9793-3499-BE48-183F8AEBDD48}.RelWithDebInfo|x64.ActiveCfg = RelWithDebInfo|x64
		{DD474528-9793-3499-BE48-183F8AEBDD48}.RelWithDebInfo|x64.Build.0 = RelWithDebInfo|x64
		{FD249FB3-F3D8-3070-BE88-B88CE14BDB7F}.Debug|x64.ActiveCfg = Debug|x64
		{FD249FB3-F3D8-3070-BE88-B88CE14BDB7F}.Debug|x64.Build.0 = Debug|x64
		{FD249FB3-F3D8-3070-BE88-B88CE14BDB7F}.Release|x64.ActiveCfg = Release|x64
		{FD249FB3-F3D8-3070-BE88-B88CE14BDB7F}.Release|x64.Build.0 = Release|x64
		{FD249FB3-F3D8-3070-BE88-B88CE14BDB7F}.MinSizeRel|x64.ActiveCfg = MinSizeRel|x64
		{FD249FB3-F3D8-3070-BE88-B88CE14BDB7F}.MinSizeRel|x64.Build.0 = MinSizeRel|x64
		{FD249FB3-F3D8-3070-BE88-B88CE14BDB7F}.RelWithDebInfo|x64.ActiveCfg = RelWithDebInfo|x64
		{FD249FB3-F3D8-3070-BE88-B88CE14BDB7F}.RelWithDebInfo|x64.Build.0 = RelWithDebInfo|x64
		{759D3CF5-58CD-3685-9D8D-8235B4B89AB1}.Debug|x64.ActiveCfg = Debug|x64
		{759D3CF5-58CD-3685-9D8D-8235B4B89AB1}.Debug|x64.Build.0 = Debug|x64
		{759D3CF5-58CD-3685-9D8D-8235B4B89AB1}.Release|x64.ActiveCfg = Release|x64
		{759D3CF5-58CD-3685-9D8D-8235B4B89AB1}.Release|x64.Build.0 = Release|x64
		{759D3CF5-58CD-3685-9D8D-8235B4B89AB1}.MinSizeRel|x64.ActiveCfg = MinSizeRel|x64
		{759D3CF5-58CD-3685-9D8D-8235B4B89AB1}.MinSizeRel|x64.Build.0 = MinSizeRel|x64
		{759D3CF5-58CD-3685-9D8D-8235B4B89AB1}.RelWithDebInfo|x64.ActiveCfg = RelWithDebInfo|x64
		{759D3CF5-58CD-3685-9D8D-8235B4B89AB1}.RelWithDebInfo|x64.Build.0 = RelWithDebInfo|x64
		{7ADC1170-4FF1-312B-88CC-E8F64EF9F23A}.Debug|x64.ActiveCfg = Debug|x64
		{7ADC1170-4FF1-312B-88CC-E8F64EF9F23A}.Debug|x64.Build.0 = Debug|x64
		{7ADC1170-4FF1-312B-88CC-E8F64EF9F23A}.Release|x64.ActiveCfg = Release|x64
		{7ADC1170-4FF1-312B-88CC-E8F64EF9F23A}.Release|x64.Build.0 = Release|x64
		{7ADC1170-4FF1-312B-88CC-E8F64EF9F23A}.MinSizeRel|x64.ActiveCfg = MinSizeRel|x64
		{7ADC1170-4FF1-312B-88CC-E8F64EF9F23A}.MinSizeRel|x64.Build.0 = MinSizeRel|x64
		{7ADC1170-4FF1-312B-88CC-E8F64EF9F23A}.RelWithDebInfo|x64.ActiveCfg = RelWithDebInfo|x64
		{7ADC1170-4FF1-312B-88CC-E8F64EF9F23A}.RelWithDebInfo|x64.Build.0 = RelWithDebInfo|x64
		{92C9B439-1A2C-354C-B3AB-9B30C34D59AD}.Debug|x64.ActiveCfg = Debug|x64
		{92C9B439-1A2C-354C-B3AB-9B30C34D59AD}.Release|x64.ActiveCfg = Release|x64
		{92C9B439-1A2C-354C-B3AB-9B30C34D59AD}.MinSizeRel|x64.ActiveCfg = MinSizeRel|x64
		{92C9B439-1A2C-354C-B3AB-9B30C34D59AD}.RelWithDebInfo|x64.ActiveCfg = RelWithDebInfo|x64
		{6ABB553F-B868-3BDE-8437-58CD04955A8C}.Debug|x64.ActiveCfg = Debug|x64
		{6ABB553F-B868-3BDE-8437-58CD04955A8C}.Release|x64.ActiveCfg = Release|x64
		{6ABB553F-B868-3BDE-8437-58CD04955A8C}.MinSizeRel|x64.ActiveCfg = MinSizeRel|x64
		{6ABB553F-B868-3BDE-8437-58CD04955A8C}.RelWithDebInfo|x64.ActiveCfg = RelWithDebInfo|x64
	EndGlobalSection
	GlobalSection(NestedProjects) = preSolution
		{98E60B39-570A-31B2-AB1A-55F20A92C9C7} = {48F98740-FCFE-3B50-A20D-BFFE166EB13A}
		{DCCFB574-A12B-39E4-AC07-4DE617F39B3C} = {48F98740-FCFE-3B50-A20D-BFFE166EB13A}
		{FD249FB3-F3D8-3070-BE88-B88CE14BDB7F} = {48F98740-FCFE-3B50-A20D-BFFE166EB13A}
		{7ADC1170-4FF1-312B-88CC-E8F64EF9F23A} = {45E1211C-B686-3211-A445-4030EEDEB59D}
		{92C9B439-1A2C-354C-B3AB-9B30C34D59AD} = {45E1211C-B686-3211-A445-4030EEDEB59D}
		{6ABB553F-B868-3BDE-8437-58CD04955A8C} = {45E1211C-B686-3211-A445-4030EEDEB59D}
	EndGlobalSection
	GlobalSection(ExtensibilityGlobals) = postSolution
		SolutionGuid = {71D8A166-56CF-3FB0-8123-EC25B1112424}
	EndGlobalSection
	GlobalSection(ExtensibilityAddIns) = postSolution
	EndGlobalSection
EndGlobal
