<?xml version="1.0" encoding="utf-8"?>
<Project ToolsVersion="17.0" xmlns="http://schemas.microsoft.com/developer/msbuild/2003">
  <ItemGroup>
    <CustomBuild Include="C:\dev\Blade_Dev\CMakeFiles\6146191196f38f6a24f72fa005569e56\INSTALL_force.rule">
      <Filter>CMake Rules</Filter>
    </CustomBuild>
  </ItemGroup>
  <ItemGroup>
    <Filter Include="CMake Rules">
      <UniqueIdentifier>{77852353-0CA6-3E56-9684-101389CC4F1B}</UniqueIdentifier>
    </Filter>
  </ItemGroup>
</Project>
